
Microsoft Visual Studio Solution File, Format Version 12.00
# Visual Studio 15
VisualStudioVersion = 15.0.28307.102
MinimumVisualStudioVersion = 10.0.40219.1
Project("{FAE04EC0-301F-11D3-BF4B-00C04F79EFBC}") = "ailehekimliğibilgisistemi", "ailehekimliğibilgisistemi\ailehekimliğibilgisistemi.csproj", "{47AEDB84-0F83-416D-A3C2-865D49A9C39F}"
EndProject
Global
	GlobalSection(SolutionConfigurationPlatforms) = preSolution
		Debug|Any CPU = Debug|Any CPU
		Release|Any CPU = Release|Any CPU
	EndGlobalSection
	GlobalSection(ProjectConfigurationPlatforms) = postSolution
		{47AEDB84-0F83-416D-A3C2-865D49A9C39F}.Debug|Any CPU.ActiveCfg = Debug|Any CPU
		{47AEDB84-0F83-416D-A3C2-865D49A9C39F}.Debug|Any CPU.Build.0 = Debug|Any CPU
		{47AEDB84-0F83-416D-A3C2-865D49A9C39F}.Release|Any CPU.ActiveCfg = Release|Any CPU
		{47AEDB84-0F83-416D-A3C2-865D49A9C39F}.Release|Any CPU.Build.0 = Release|Any CPU
	EndGlobalSection
	GlobalSection(SolutionProperties) = preSolution
		HideSolutionNode = FALSE
	EndGlobalSection
	GlobalSection(ExtensibilityGlobals) = postSolution
		SolutionGuid = {DD53DCBF-7A2A-4838-B11A-348A37A217CE}
	EndGlobalSection
EndGlobal
